// !$*UTF8*$!
{
	archiveVersion = 1;
	classes = {
	};
	objectVersion = 50;
	objects = {

/* Begin PBXBuildFile section */
		1A32A4E720BE6CE4008E58A5 /* MANYDICE.WAV in Resources */ = {isa = PBXBuildFile; fileRef = 1A32A4E620BE6CE4008E58A5 /* MANYDICE.WAV */; };
		1A32A4EB20BE71BB008E58A5 /* cassette.wav in Resources */ = {isa = PBXBuildFile; fileRef = 1A32A4EA20BE71BB008E58A5 /* cassette.wav */; };
		1A661AC220BD1A2B00BFABAF /* AppDelegate.swift in Sources */ = {isa = PBXBuildFile; fileRef = 1A661AC120BD1A2B00BFABAF /* AppDelegate.swift */; };
		1A661AC420BD1A2B00BFABAF /* ViewController.swift in Sources */ = {isa = PBXBuildFile; fileRef = 1A661AC320BD1A2B00BFABAF /* ViewController.swift */; };
		1A661AC720BD1A2B00BFABAF /* Main.storyboard in Resources */ = {isa = PBXBuildFile; fileRef = 1A661AC520BD1A2B00BFABAF /* Main.storyboard */; };
		1A661ACA20BD1A2B00BFABAF /* DiceDeomApp.xcdatamodeld in Sources */ = {isa = PBXBuildFile; fileRef = 1A661AC820BD1A2B00BFABAF /* DiceDeomApp.xcdatamodeld */; };
		1A661ACC20BD1A2F00BFABAF /* Assets.xcassets in Resources */ = {isa = PBXBuildFile; fileRef = 1A661ACB20BD1A2F00BFABAF /* Assets.xcassets */; };
		1A661ACF20BD1A2F00BFABAF /* LaunchScreen.storyboard in Resources */ = {isa = PBXBuildFile; fileRef = 1A661ACD20BD1A2F00BFABAF /* LaunchScreen.storyboard */; };
		1A661ADA20BD1A2F00BFABAF /* DiceDeomAppTests.swift in Sources */ = {isa = PBXBuildFile; fileRef = 1A661AD920BD1A2F00BFABAF /* DiceDeomAppTests.swift */; };
		1A661AE520BD1A2F00BFABAF /* DiceDeomAppUITests.swift in Sources */ = {isa = PBXBuildFile; fileRef = 1A661AE420BD1A2F00BFABAF /* DiceDeomAppUITests.swift */; };
		1A661AF320BD29E500BFABAF /* DiagonalLine.swift in Sources */ = {isa = PBXBuildFile; fileRef = 1A661AF220BD29E500BFABAF /* DiagonalLine.swift */; };
		1AF6E28C20BE76BD001DD075 /* GameOverModel.swift in Sources */ = {isa = PBXBuildFile; fileRef = 1AF6E28B20BE76BD001DD075 /* GameOverModel.swift */; };
		1AF6E28E20BE7837001DD075 /* Water Drop Sound High.wav in Resources */ = {isa = PBXBuildFile; fileRef = 1AF6E28D20BE7837001DD075 /* Water Drop Sound High.wav */; };
/* End PBXBuildFile section */

/* Begin PBXContainerItemProxy section */
		1A661AD620BD1A2F00BFABAF /* PBXContainerItemProxy */ = {
			isa = PBXContainerItemProxy;
			containerPortal = 1A661AB620BD1A2B00BFABAF /* Project object */;
			proxyType = 1;
			remoteGlobalIDString = 1A661ABD20BD1A2B00BFABAF;
			remoteInfo = DiceDeomApp;
		};
		1A661AE120BD1A2F00BFABAF /* PBXContainerItemProxy */ = {
			isa = PBXContainerItemProxy;
			containerPortal = 1A661AB620BD1A2B00BFABAF /* Project object */;
			proxyType = 1;
			remoteGlobalIDString = 1A661ABD20BD1A2B00BFABAF;
			remoteInfo = DiceDeomApp;
		};
/* End PBXContainerItemProxy section */

/* Begin PBXFileReference section */
		1A32A4E620BE6CE4008E58A5 /* MANYDICE.WAV */ = {isa = PBXFileReference; lastKnownFileType = audio.wav; path = MANYDICE.WAV; sourceTree = "<group>"; };
		1A32A4EA20BE71BB008E58A5 /* cassette.wav */ = {isa = PBXFileReference; lastKnownFileType = audio.wav; path = cassette.wav; sourceTree = "<group>"; };
		1A661ABE20BD1A2B00BFABAF /* DiceDeomApp.app */ = {isa = PBXFileReference; explicitFileType = wrapper.application; includeInIndex = 0; path = DiceDeomApp.app; sourceTree = BUILT_PRODUCTS_DIR; };
		1A661AC120BD1A2B00BFABAF /* AppDelegate.swift */ = {isa = PBXFileReference; lastKnownFileType = sourcecode.swift; path = AppDelegate.swift; sourceTree = "<group>"; };
		1A661AC320BD1A2B00BFABAF /* ViewController.swift */ = {isa = PBXFileReference; lastKnownFileType = sourcecode.swift; path = ViewController.swift; sourceTree = "<group>"; };
		1A661AC620BD1A2B00BFABAF /* Base */ = {isa = PBXFileReference; lastKnownFileType = file.storyboard; name = Base; path = Base.lproj/Main.storyboard; sourceTree = "<group>"; };
		1A661AC920BD1A2B00BFABAF /* DiceDeomApp.xcdatamodel */ = {isa = PBXFileReference; lastKnownFileType = wrapper.xcdatamodel; path = DiceDeomApp.xcdatamodel; sourceTree = "<group>"; };
		1A661ACB20BD1A2F00BFABAF /* Assets.xcassets */ = {isa = PBXFileReference; lastKnownFileType = folder.assetcatalog; path = Assets.xcassets; sourceTree = "<group>"; };
		1A661ACE20BD1A2F00BFABAF /* Base */ = {isa = PBXFileReference; lastKnownFileType = file.storyboard; name = Base; path = Base.lproj/LaunchScreen.storyboard; sourceTree = "<group>"; };
		1A661AD020BD1A2F00BFABAF /* Info.plist */ = {isa = PBXFileReference; lastKnownFileType = text.plist.xml; path = Info.plist; sourceTree = "<group>"; };
		1A661AD520BD1A2F00BFABAF /* DiceDeomAppTests.xctest */ = {isa = PBXFileReference; explicitFileType = wrapper.cfbundle; includeInIndex = 0; path = DiceDeomAppTests.xctest; sourceTree = BUILT_PRODUCTS_DIR; };
		1A661AD920BD1A2F00BFABAF /* DiceDeomAppTests.swift */ = {isa = PBXFileReference; lastKnownFileType = sourcecode.swift; path = DiceDeomAppTests.swift; sourceTree = "<group>"; };
		1A661ADB20BD1A2F00BFABAF /* Info.plist */ = {isa = PBXFileReference; lastKnownFileType = text.plist.xml; path = Info.plist; sourceTree = "<group>"; };
		1A661AE020BD1A2F00BFABAF /* DiceDeomAppUITests.xctest */ = {isa = PBXFileReference; explicitFileType = wrapper.cfbundle; includeInIndex = 0; path = DiceDeomAppUITests.xctest; sourceTree = BUILT_PRODUCTS_DIR; };
		1A661AE420BD1A2F00BFABAF /* DiceDeomAppUITests.swift */ = {isa = PBXFileReference; lastKnownFileType = sourcecode.swift; path = DiceDeomAppUITests.swift; sourceTree = "<group>"; };
		1A661AE620BD1A2F00BFABAF /* Info.plist */ = {isa = PBXFileReference; lastKnownFileType = text.plist.xml; path = Info.plist; sourceTree = "<group>"; };
		1A661AF220BD29E500BFABAF /* DiagonalLine.swift */ = {isa = PBXFileReference; fileEncoding = 4; lastKnownFileType = sourcecode.swift; path = DiagonalLine.swift; sourceTree = "<group>"; };
		1AF6E28B20BE76BD001DD075 /* GameOverModel.swift */ = {isa = PBXFileReference; lastKnownFileType = sourcecode.swift; path = GameOverModel.swift; sourceTree = "<group>"; };
		1AF6E28D20BE7837001DD075 /* Water Drop Sound High.wav */ = {isa = PBXFileReference; lastKnownFileType = audio.wav; path = "Water Drop Sound High.wav"; sourceTree = "<group>"; };
/* End PBXFileReference section */

/* Begin PBXFrameworksBuildPhase section */
		1A661ABB20BD1A2B00BFABAF /* Frameworks */ = {
			isa = PBXFrameworksBuildPhase;
			buildActionMask = 2147483647;
			files = (
			);
			runOnlyForDeploymentPostprocessing = 0;
		};
		1A661AD220BD1A2F00BFABAF /* Frameworks */ = {
			isa = PBXFrameworksBuildPhase;
			buildActionMask = 2147483647;
			files = (
			);
			runOnlyForDeploymentPostprocessing = 0;
		};
		1A661ADD20BD1A2F00BFABAF /* Frameworks */ = {
			isa = PBXFrameworksBuildPhase;
			buildActionMask = 2147483647;
			files = (
			);
			runOnlyForDeploymentPostprocessing = 0;
		};
/* End PBXFrameworksBuildPhase section */

/* Begin PBXGroup section */
		1A661AB520BD1A2B00BFABAF = {
			isa = PBXGroup;
			children = (
				1A661AC020BD1A2B00BFABAF /* DiceDeomApp */,
				1A661AD820BD1A2F00BFABAF /* DiceDeomAppTests */,
				1A661AE320BD1A2F00BFABAF /* DiceDeomAppUITests */,
				1A661ABF20BD1A2B00BFABAF /* Products */,
			);
			sourceTree = "<group>";
		};
		1A661ABF20BD1A2B00BFABAF /* Products */ = {
			isa = PBXGroup;
			children = (
				1A661ABE20BD1A2B00BFABAF /* DiceDeomApp.app */,
				1A661AD520BD1A2F00BFABAF /* DiceDeomAppTests.xctest */,
				1A661AE020BD1A2F00BFABAF /* DiceDeomAppUITests.xctest */,
			);
			name = Products;
			sourceTree = "<group>";
		};
		1A661AC020BD1A2B00BFABAF /* DiceDeomApp */ = {
			isa = PBXGroup;
			children = (
				1A32A4E620BE6CE4008E58A5 /* MANYDICE.WAV */,
				1A661AC120BD1A2B00BFABAF /* AppDelegate.swift */,
				1A32A4EA20BE71BB008E58A5 /* cassette.wav */,
				1AF6E28D20BE7837001DD075 /* Water Drop Sound High.wav */,
				1A661AF220BD29E500BFABAF /* DiagonalLine.swift */,
				1A661AC320BD1A2B00BFABAF /* ViewController.swift */,
				1AF6E28B20BE76BD001DD075 /* GameOverModel.swift */,
				1A661AC520BD1A2B00BFABAF /* Main.storyboard */,
				1A661ACB20BD1A2F00BFABAF /* Assets.xcassets */,
				1A661ACD20BD1A2F00BFABAF /* LaunchScreen.storyboard */,
				1A661AD020BD1A2F00BFABAF /* Info.plist */,
				1A661AC820BD1A2B00BFABAF /* DiceDeomApp.xcdatamodeld */,
			);
			path = DiceDeomApp;
			sourceTree = "<group>";
		};
		1A661AD820BD1A2F00BFABAF /* DiceDeomAppTests */ = {
			isa = PBXGroup;
			children = (
				1A661AD920BD1A2F00BFABAF /* DiceDeomAppTests.swift */,
				1A661ADB20BD1A2F00BFABAF /* Info.plist */,
			);
			path = DiceDeomAppTests;
			sourceTree = "<group>";
		};
		1A661AE320BD1A2F00BFABAF /* DiceDeomAppUITests */ = {
			isa = PBXGroup;
			children = (
				1A661AE420BD1A2F00BFABAF /* DiceDeomAppUITests.swift */,
				1A661AE620BD1A2F00BFABAF /* Info.plist */,
			);
			path = DiceDeomAppUITests;
			sourceTree = "<group>";
		};
/* End PBXGroup section */

/* Begin PBXNativeTarget section */
		1A661ABD20BD1A2B00BFABAF /* DiceDeomApp */ = {
			isa = PBXNativeTarget;
			buildConfigurationList = 1A661AE920BD1A2F00BFABAF /* Build configuration list for PBXNativeTarget "DiceDeomApp" */;
			buildPhases = (
				1A661ABA20BD1A2B00BFABAF /* Sources */,
				1A661ABB20BD1A2B00BFABAF /* Frameworks */,
				1A661ABC20BD1A2B00BFABAF /* Resources */,
			);
			buildRules = (
			);
			dependencies = (
			);
			name = DiceDeomApp;
			productName = DiceDeomApp;
			productReference = 1A661ABE20BD1A2B00BFABAF /* DiceDeomApp.app */;
			productType = "com.apple.product-type.application";
		};
		1A661AD420BD1A2F00BFABAF /* DiceDeomAppTests */ = {
			isa = PBXNativeTarget;
			buildConfigurationList = 1A661AEC20BD1A2F00BFABAF /* Build configuration list for PBXNativeTarget "DiceDeomAppTests" */;
			buildPhases = (
				1A661AD120BD1A2F00BFABAF /* Sources */,
				1A661AD220BD1A2F00BFABAF /* Frameworks */,
				1A661AD320BD1A2F00BFABAF /* Resources */,
			);
			buildRules = (
			);
			dependencies = (
				1A661AD720BD1A2F00BFABAF /* PBXTargetDependency */,
			);
			name = DiceDeomAppTests;
			productName = DiceDeomAppTests;
			productReference = 1A661AD520BD1A2F00BFABAF /* DiceDeomAppTests.xctest */;
			productType = "com.apple.product-type.bundle.unit-test";
		};
		1A661ADF20BD1A2F00BFABAF /* DiceDeomAppUITests */ = {
			isa = PBXNativeTarget;
			buildConfigurationList = 1A661AEF20BD1A2F00BFABAF /* Build configuration list for PBXNativeTarget "DiceDeomAppUITests" */;
			buildPhases = (
				1A661ADC20BD1A2F00BFABAF /* Sources */,
				1A661ADD20BD1A2F00BFABAF /* Frameworks */,
				1A661ADE20BD1A2F00BFABAF /* Resources */,
			);
			buildRules = (
			);
			dependencies = (
				1A661AE220BD1A2F00BFABAF /* PBXTargetDependency */,
			);
			name = DiceDeomAppUITests;
			productName = DiceDeomAppUITests;
			productReference = 1A661AE020BD1A2F00BFABAF /* DiceDeomAppUITests.xctest */;
			productType = "com.apple.product-type.bundle.ui-testing";
		};
/* End PBXNativeTarget section */

/* Begin PBXProject section */
		1A661AB620BD1A2B00BFABAF /* Project object */ = {
			isa = PBXProject;
			attributes = {
				LastSwiftUpdateCheck = 0930;
				LastUpgradeCheck = 0930;
				ORGANIZATIONNAME = "Fortune4 Technologies";
				TargetAttributes = {
					1A661ABD20BD1A2B00BFABAF = {
						CreatedOnToolsVersion = 9.3.1;
					};
					1A661AD420BD1A2F00BFABAF = {
						CreatedOnToolsVersion = 9.3.1;
						TestTargetID = 1A661ABD20BD1A2B00BFABAF;
					};
					1A661ADF20BD1A2F00BFABAF = {
						CreatedOnToolsVersion = 9.3.1;
						TestTargetID = 1A661ABD20BD1A2B00BFABAF;
					};
				};
			};
			buildConfigurationList = 1A661AB920BD1A2B00BFABAF /* Build configuration list for PBXProject "DiceDeomApp" */;
			compatibilityVersion = "Xcode 9.3";
			developmentRegion = en;
			hasScannedForEncodings = 0;
			knownRegions = (
				en,
				Base,
			);
			mainGroup = 1A661AB520BD1A2B00BFABAF;
			productRefGroup = 1A661ABF20BD1A2B00BFABAF /* Products */;
			projectDirPath = "";
			projectRoot = "";
			targets = (
				1A661ABD20BD1A2B00BFABAF /* DiceDeomApp */,
				1A661AD420BD1A2F00BFABAF /* DiceDeomAppTests */,
				1A661ADF20BD1A2F00BFABAF /* DiceDeomAppUITests */,
			);
		};
/* End PBXProject section */

/* Begin PBXResourcesBuildPhase section */
		1A661ABC20BD1A2B00BFABAF /* Resources */ = {
			isa = PBXResourcesBuildPhase;
			buildActionMask = 2147483647;
			files = (
				1A661ACF20BD1A2F00BFABAF /* LaunchScreen.storyboard in Resources */,
				1AF6E28E20BE7837001DD075 /* Water Drop Sound High.wav in Resources */,
				1A661ACC20BD1A2F00BFABAF /* Assets.xcassets in Resources */,
				1A32A4EB20BE71BB008E58A5 /* cassette.wav in Resources */,
				1A32A4E720BE6CE4008E58A5 /* MANYDICE.WAV in Resources */,
				1A661AC720BD1A2B00BFABAF /* Main.storyboard in Resources */,
			);
			runOnlyForDeploymentPostprocessing = 0;
		};
		1A661AD320BD1A2F00BFABAF /* Resources */ = {
			isa = PBXResourcesBuildPhase;
			buildActionMask = 2147483647;
			files = (
			);
			runOnlyForDeploymentPostprocessing = 0;
		};
		1A661ADE20BD1A2F00BFABAF /* Resources */ = {
			isa = PBXResourcesBuildPhase;
			buildActionMask = 2147483647;
			files = (
			);
			runOnlyForDeploymentPostprocessing = 0;
		};
/* End PBXResourcesBuildPhase section */

/* Begin PBXSourcesBuildPhase section */
		1A661ABA20BD1A2B00BFABAF /* Sources */ = {
			isa = PBXSourcesBuildPhase;
			buildActionMask = 2147483647;
			files = (
				1A661AF320BD29E500BFABAF /* DiagonalLine.swift in Sources */,
				1A661ACA20BD1A2B00BFABAF /* DiceDeomApp.xcdatamodeld in Sources */,
				1A661AC420BD1A2B00BFABAF /* ViewController.swift in Sources */,
				1AF6E28C20BE76BD001DD075 /* GameOverModel.swift in Sources */,
				1A661AC220BD1A2B00BFABAF /* AppDelegate.swift in Sources */,
			);
			runOnlyForDeploymentPostprocessing = 0;
		};
		1A661AD120BD1A2F00BFABAF /* Sources */ = {
			isa = PBXSourcesBuildPhase;
			buildActionMask = 2147483647;
			files = (
				1A661ADA20BD1A2F00BFABAF /* DiceDeomAppTests.swift in Sources */,
			);
			runOnlyForDeploymentPostprocessing = 0;
		};
		1A661ADC20BD1A2F00BFABAF /* Sources */ = {
			isa = PBXSourcesBuildPhase;
			buildActionMask = 2147483647;
			files = (
				1A661AE520BD1A2F00BFABAF /* DiceDeomAppUITests.swift in Sources */,
			);
			runOnlyForDeploymentPostprocessing = 0;
		};
/* End PBXSourcesBuildPhase section */

/* Begin PBXTargetDependency section */
		1A661AD720BD1A2F00BFABAF /* PBXTargetDependency */ = {
			isa = PBXTargetDependency;
			target = 1A661ABD20BD1A2B00BFABAF /* DiceDeomApp */;
			targetProxy = 1A661AD620BD1A2F00BFABAF /* PBXContainerItemProxy */;
		};
		1A661AE220BD1A2F00BFABAF /* PBXTargetDependency */ = {
			isa = PBXTargetDependency;
			target = 1A661ABD20BD1A2B00BFABAF /* DiceDeomApp */;
			targetProxy = 1A661AE120BD1A2F00BFABAF /* PBXContainerItemProxy */;
		};
/* End PBXTargetDependency section */

/* Begin PBXVariantGroup section */
		1A661AC520BD1A2B00BFABAF /* Main.storyboard */ = {
			isa = PBXVariantGroup;
			children = (
				1A661AC620BD1A2B00BFABAF /* Base */,
			);
			name = Main.storyboard;
			sourceTree = "<group>";
		};
		1A661ACD20BD1A2F00BFABAF /* LaunchScreen.storyboard */ = {
			isa = PBXVariantGroup;
			children = (
				1A661ACE20BD1A2F00BFABAF /* Base */,
			);
			name = LaunchScreen.storyboard;
			sourceTree = "<group>";
		};
/* End PBXVariantGroup section */

/* Begin XCBuildConfiguration section */
		1A661AE720BD1A2F00BFABAF /* Debug */ = {
			isa = XCBuildConfiguration;
			buildSettings = {
				ALWAYS_SEARCH_USER_PATHS = NO;
				CLANG_ANALYZER_NONNULL = YES;
				CLANG_ANALYZER_NUMBER_OBJECT_CONVERSION = YES_AGGRESSIVE;
				CLANG_CXX_LANGUAGE_STANDARD = "gnu++14";
				CLANG_CXX_LIBRARY = "libc++";
				CLANG_ENABLE_MODULES = YES;
				CLANG_ENABLE_OBJC_ARC = YES;
				CLANG_ENABLE_OBJC_WEAK = YES;
				CLANG_WARN_BLOCK_CAPTURE_AUTORELEASING = YES;
				CLANG_WARN_BOOL_CONVERSION = YES;
				CLANG_WARN_COMMA = YES;
				CLANG_WARN_CONSTANT_CONVERSION = YES;
				CLANG_WARN_DEPRECATED_OBJC_IMPLEMENTATIONS = YES;
				CLANG_WARN_DIRECT_OBJC_ISA_USAGE = YES_ERROR;
				CLANG_WARN_DOCUMENTATION_COMMENTS = YES;
				CLANG_WARN_EMPTY_BODY = YES;
				CLANG_WARN_ENUM_CONVERSION = YES;
				CLANG_WARN_INFINITE_RECURSION = YES;
				CLANG_WARN_INT_CONVERSION = YES;
				CLANG_WARN_NON_LITERAL_NULL_CONVERSION = YES;
				CLANG_WARN_OBJC_IMPLICIT_RETAIN_SELF = YES;
				CLANG_WARN_OBJC_LITERAL_CONVERSION = YES;
				CLANG_WARN_OBJC_ROOT_CLASS = YES_ERROR;
				CLANG_WARN_RANGE_LOOP_ANALYSIS = YES;
				CLANG_WARN_STRICT_PROTOTYPES = YES;
				CLANG_WARN_SUSPICIOUS_MOVE = YES;
				CLANG_WARN_UNGUARDED_AVAILABILITY = YES_AGGRESSIVE;
				CLANG_WARN_UNREACHABLE_CODE = YES;
				CLANG_WARN__DUPLICATE_METHOD_MATCH = YES;
				CODE_SIGN_IDENTITY = "iPhone Developer";
				COPY_PHASE_STRIP = NO;
				DEBUG_INFORMATION_FORMAT = dwarf;
				ENABLE_STRICT_OBJC_MSGSEND = YES;
				ENABLE_TESTABILITY = YES;
				GCC_C_LANGUAGE_STANDARD = gnu11;
				GCC_DYNAMIC_NO_PIC = NO;
				GCC_NO_COMMON_BLOCKS = YES;
				GCC_OPTIMIZATION_LEVEL = 0;
				GCC_PREPROCESSOR_DEFINITIONS = (
					"DEBUG=1",
					"$(inherited)",
				);
				GCC_WARN_64_TO_32_BIT_CONVERSION = YES;
				GCC_WARN_ABOUT_RETURN_TYPE = YES_ERROR;
				GCC_WARN_UNDECLARED_SELECTOR = YES;
				GCC_WARN_UNINITIALIZED_AUTOS = YES_AGGRESSIVE;
				GCC_WARN_UNUSED_FUNCTION = YES;
				GCC_WARN_UNUSED_VARIABLE = YES;
				IPHONEOS_DEPLOYMENT_TARGET = 11.3;
				MTL_ENABLE_DEBUG_INFO = YES;
				ONLY_ACTIVE_ARCH = YES;
				SDKROOT = iphoneos;
				SWIFT_ACTIVE_COMPILATION_CONDITIONS = DEBUG;
				SWIFT_OPTIMIZATION_LEVEL = "-Onone";
			};
			name = Debug;
		};
		1A661AE820BD1A2F00BFABAF /* Release */ = {
			isa = XCBuildConfiguration;
			buildSettings = {
				ALWAYS_SEARCH_USER_PATHS = NO;
				CLANG_ANALYZER_NONNULL = YES;
				CLANG_ANALYZER_NUMBER_OBJECT_CONVERSION = YES_AGGRESSIVE;
				CLANG_CXX_LANGUAGE_STANDARD = "gnu++14";
				CLANG_CXX_LIBRARY = "libc++";
				CLANG_ENABLE_MODULES = YES;
				CLANG_ENABLE_OBJC_ARC = YES;
				CLANG_ENABLE_OBJC_WEAK = YES;
				CLANG_WARN_BLOCK_CAPTURE_AUTORELEASING = YES;
				CLANG_WARN_BOOL_CONVERSION = YES;
				CLANG_WARN_COMMA = YES;
				CLANG_WARN_CONSTANT_CONVERSION = YES;
				CLANG_WARN_DEPRECATED_OBJC_IMPLEMENTATIONS = YES;
				CLANG_WARN_DIRECT_OBJC_ISA_USAGE = YES_ERROR;
				CLANG_WARN_DOCUMENTATION_COMMENTS = YES;
				CLANG_WARN_EMPTY_BODY = YES;
				CLANG_WARN_ENUM_CONVERSION = YES;
				CLANG_WARN_INFINITE_RECURSION = YES;
				CLANG_WARN_INT_CONVERSION = YES;
				CLANG_WARN_NON_LITERAL_NULL_CONVERSION = YES;
				CLANG_WARN_OBJC_IMPLICIT_RETAIN_SELF = YES;
				CLANG_WARN_OBJC_LITERAL_CONVERSION = YES;
				CLANG_WARN_OBJC_ROOT_CLASS = YES_ERROR;
				CLANG_WARN_RANGE_LOOP_ANALYSIS = YES;
				CLANG_WARN_STRICT_PROTOTYPES = YES;
				CLANG_WARN_SUSPICIOUS_MOVE = YES;
				CLANG_WARN_UNGUARDED_AVAILABILITY = YES_AGGRESSIVE;
				CLANG_WARN_UNREACHABLE_CODE = YES;
				CLANG_WARN__DUPLICATE_METHOD_MATCH = YES;
				CODE_SIGN_IDENTITY = "iPhone Developer";
				COPY_PHASE_STRIP = NO;
				DEBUG_INFORMATION_FORMAT = "dwarf-with-dsym";
				ENABLE_NS_ASSERTIONS = NO;
				ENABLE_STRICT_OBJC_MSGSEND = YES;
				GCC_C_LANGUAGE_STANDARD = gnu11;
				GCC_NO_COMMON_BLOCKS = YES;
				GCC_WARN_64_TO_32_BIT_CONVERSION = YES;
				GCC_WARN_ABOUT_RETURN_TYPE = YES_ERROR;
				GCC_WARN_UNDECLARED_SELECTOR = YES;
				GCC_WARN_UNINITIALIZED_AUTOS = YES_AGGRESSIVE;
				GCC_WARN_UNUSED_FUNCTION = YES;
				GCC_WARN_UNUSED_VARIABLE = YES;
				IPHONEOS_DEPLOYMENT_TARGET = 11.3;
				MTL_ENABLE_DEBUG_INFO = NO;
				SDKROOT = iphoneos;
				SWIFT_COMPILATION_MODE = wholemodule;
				SWIFT_OPTIMIZATION_LEVEL = "-O";
				VALIDATE_PRODUCT = YES;
			};
			name = Release;
		};
		1A661AEA20BD1A2F00BFABAF /* Debug */ = {
			isa = XCBuildConfiguration;
			buildSettings = {
				ASSETCATALOG_COMPILER_APPICON_NAME = AppIcon;
				CODE_SIGN_STYLE = Automatic;
				DEVELOPMENT_TEAM = UMUY72KH99;
				INFOPLIST_FILE = DiceDeomApp/Info.plist;
				LD_RUNPATH_SEARCH_PATHS = (
					"$(inherited)",
					"@executable_path/Frameworks",
				);
				PRODUCT_BUNDLE_IDENTIFIER = com.DiceDeomApp.DiceDeomApp;
				PRODUCT_NAME = "$(TARGET_NAME)";
				SWIFT_VERSION = 4.0;
				TARGETED_DEVICE_FAMILY = "1,2";
			};
			name = Debug;
		};
		1A661AEB20BD1A2F00BFABAF /* Release */ = {
			isa = XCBuildConfiguration;
			buildSettings = {
				ASSETCATALOG_COMPILER_APPICON_NAME = AppIcon;
				CODE_SIGN_STYLE = Automatic;
				DEVELOPMENT_TEAM = UMUY72KH99;
				INFOPLIST_FILE = DiceDeomApp/Info.plist;
				LD_RUNPATH_SEARCH_PATHS = (
					"$(inherited)",
					"@executable_path/Frameworks",
				);
				PRODUCT_BUNDLE_IDENTIFIER = com.DiceDeomApp.DiceDeomApp;
				PRODUCT_NAME = "$(TARGET_NAME)";
				SWIFT_VERSION = 4.0;
				TARGETED_DEVICE_FAMILY = "1,2";
			};
			name = Release;
		};
		1A661AED20BD1A2F00BFABAF /* Debug */ = {
			isa = XCBuildConfiguration;
			buildSettings = {
				ALWAYS_EMBED_SWIFT_STANDARD_LIBRARIES = YES;
				BUNDLE_LOADER = "$(TEST_HOST)";
				CODE_SIGN_STYLE = Automatic;
				DEVELOPMENT_TEAM = UMUY72KH99;
				INFOPLIST_FILE = DiceDeomAppTests/Info.plist;
				LD_RUNPATH_SEARCH_PATHS = (
					"$(inherited)",
					"@executable_path/Frameworks",
					"@loader_path/Frameworks",
				);
				PRODUCT_BUNDLE_IDENTIFIER = com.DiceDeomApp.DiceDeomAppTests;
				PRODUCT_NAME = "$(TARGET_NAME)";
				SWIFT_VERSION = 4.0;
				TARGETED_DEVICE_FAMILY = "1,2";
				TEST_HOST = "$(BUILT_PRODUCTS_DIR)/DiceDeomApp.app/DiceDeomApp";
			};
			name = Debug;
		};
		1A661AEE20BD1A2F00BFABAF /* Release */ = {
			isa = XCBuildConfiguration;
			buildSettings = {
				ALWAYS_EMBED_SWIFT_STANDARD_LIBRARIES = YES;
				BUNDLE_LOADER = "$(TEST_HOST)";
				CODE_SIGN_STYLE = Automatic;
				DEVELOPMENT_TEAM = UMUY72KH99;
				INFOPLIST_FILE = DiceDeomAppTests/Info.plist;
				LD_RUNPATH_SEARCH_PATHS = (
					"$(inherited)",
					"@executable_path/Frameworks",
					"@loader_path/Frameworks",
				);
				PRODUCT_BUNDLE_IDENTIFIER = com.DiceDeomApp.DiceDeomAppTests;
				PRODUCT_NAME = "$(TARGET_NAME)";
				SWIFT_VERSION = 4.0;
				TARGETED_DEVICE_FAMILY = "1,2";
				TEST_HOST = "$(BUILT_PRODUCTS_DIR)/DiceDeomApp.app/DiceDeomApp";
			};
			name = Release;
		};
		1A661AF020BD1A2F00BFABAF /* Debug */ = {
			isa = XCBuildConfiguration;
			buildSettings = {
				ALWAYS_EMBED_SWIFT_STANDARD_LIBRARIES = YES;
				CODE_SIGN_STYLE = Automatic;
				DEVELOPMENT_TEAM = UMUY72KH99;
				INFOPLIST_FILE = DiceDeomAppUITests/Info.plist;
				LD_RUNPATH_SEARCH_PATHS = (
					"$(inherited)",
					"@executable_path/Frameworks",
					"@loader_path/Frameworks",
				);
				PRODUCT_BUNDLE_IDENTIFIER = com.DiceDeomApp.DiceDeomAppUITests;
				PRODUCT_NAME = "$(TARGET_NAME)";
				SWIFT_VERSION = 4.0;
				TARGETED_DEVICE_FAMILY = "1,2";
				TEST_TARGET_NAME = DiceDeomApp;
			};
			name = Debug;
		};
		1A661AF120BD1A2F00BFABAF /* Release */ = {
			isa = XCBuildConfiguration;
			buildSettings = {
				ALWAYS_EMBED_SWIFT_STANDARD_LIBRARIES = YES;
				CODE_SIGN_STYLE = Automatic;
				DEVELOPMENT_TEAM = UMUY72KH99;
				INFOPLIST_FILE = DiceDeomAppUITests/Info.plist;
				LD_RUNPATH_SEARCH_PATHS = (
					"$(inherited)",
					"@executable_path/Frameworks",
					"@loader_path/Frameworks",
				);
				PRODUCT_BUNDLE_IDENTIFIER = com.DiceDeomApp.DiceDeomAppUITests;
				PRODUCT_NAME = "$(TARGET_NAME)";
				SWIFT_VERSION = 4.0;
				TARGETED_DEVICE_FAMILY = "1,2";
				TEST_TARGET_NAME = DiceDeomApp;
			};
			name = Release;
		};
/* End XCBuildConfiguration section */

/* Begin XCConfigurationList section */
		1A661AB920BD1A2B00BFABAF /* Build configuration list for PBXProject "DiceDeomApp" */ = {
			isa = XCConfigurationList;
			buildConfigurations = (
				1A661AE720BD1A2F00BFABAF /* Debug */,
				1A661AE820BD1A2F00BFABAF /* Release */,
			);
			defaultConfigurationIsVisible = 0;
			defaultConfigurationName = Release;
		};
		1A661AE920BD1A2F00BFABAF /* Build configuration list for PBXNativeTarget "DiceDeomApp" */ = {
			isa = XCConfigurationList;
			buildConfigurations = (
				1A661AEA20BD1A2F00BFABAF /* Debug */,
				1A661AEB20BD1A2F00BFABAF /* Release */,
			);
			defaultConfigurationIsVisible = 0;
			defaultConfigurationName = Release;
		};
		1A661AEC20BD1A2F00BFABAF /* Build configuration list for PBXNativeTarget "DiceDeomAppTests" */ = {
			isa = XCConfigurationList;
			buildConfigurations = (
				1A661AED20BD1A2F00BFABAF /* Debug */,
				1A661AEE20BD1A2F00BFABAF /* Release */,
			);
			defaultConfigurationIsVisible = 0;
			defaultConfigurationName = Release;
		};
		1A661AEF20BD1A2F00BFABAF /* Build configuration list for PBXNativeTarget "DiceDeomAppUITests" */ = {
			isa = XCConfigurationList;
			buildConfigurations = (
				1A661AF020BD1A2F00BFABAF /* Debug */,
				1A661AF120BD1A2F00BFABAF /* Release */,
			);
			defaultConfigurationIsVisible = 0;
			defaultConfigurationName = Release;
		};
/* End XCConfigurationList section */

/* Begin XCVersionGroup section */
		1A661AC820BD1A2B00BFABAF /* DiceDeomApp.xcdatamodeld */ = {
			isa = XCVersionGroup;
			children = (
				1A661AC920BD1A2B00BFABAF /* DiceDeomApp.xcdatamodel */,
			);
			currentVersion = 1A661AC920BD1A2B00BFABAF /* DiceDeomApp.xcdatamodel */;
			path = DiceDeomApp.xcdatamodeld;
			sourceTree = "<group>";
			versionGroupType = wrapper.xcdatamodel;
		};
/* End XCVersionGroup section */
	};
	rootObject = 1A661AB620BD1A2B00BFABAF /* Project object */;
}
